
Microsoft Visual Studio Solution File, Format Version 12.00
# Visual Studio Version 17
VisualStudioVersion = 17.2.32505.173
MinimumVisualStudioVersion = 10.0.40219.1
Project("{FAE04EC0-301F-11D3-BF4B-00C04F79EFBC}") = "Sorter", "Sorter.csproj", "{35224A07-CF1F-4A55-8D6A-5C75DF9AC68C}"
EndProject
Global
	GlobalSection(SolutionConfigurationPlatforms) = preSolution
		Debug|Any CPU = Debug|Any CPU
		Release|Any CPU = Release|Any CPU
	EndGlobalSection
	GlobalSection(ProjectConfigurationPlatforms) = postSolution
		{35224A07-CF1F-4A55-8D6A-5C75DF9AC68C}.Debug|Any CPU.ActiveCfg = Debug|Any CPU
		{35224A07-CF1F-4A55-8D6A-5C75DF9AC68C}.Debug|Any CPU.Build.0 = Debug|Any CPU
		{35224A07-CF1F-4A55-8D6A-5C75DF9AC68C}.Release|Any CPU.ActiveCfg = Release|Any CPU
		{35224A07-CF1F-4A55-8D6A-5C75DF9AC68C}.Release|Any CPU.Build.0 = Release|Any CPU
	EndGlobalSection
	GlobalSection(SolutionProperties) = preSolution
		HideSolutionNode = FALSE
	EndGlobalSection
	GlobalSection(ExtensibilityGlobals) = postSolution
		SolutionGuid = {3EBEFD20-D6BB-4D66-9FDF-C700882FD00F}
	EndGlobalSection
EndGlobal
